
Microsoft Visual Studio Solution File, Format Version 12.00
# Visual Studio 15
VisualStudioVersion = 15.0.26430.15
MinimumVisualStudioVersion = 10.0.40219.1
Project("{FAE04EC0-301F-11D3-BF4B-00C04F79EFBC}") = "BinaryTree", "BinaryTree\BinaryTree.csproj", "{F68EBD93-9BC7-4B58-8B86-65A32E4BD064}"
EndProject
Project("{FAE04EC0-301F-11D3-BF4B-00C04F79EFBC}") = "BinaryTreeTest", "BinaryTreeTest\BinaryTreeTest.csproj", "{7D8C1E41-A102-47FD-BABB-5A811A284025}"
EndProject
Project("{FAE04EC0-301F-11D3-BF4B-00C04F79EFBC}") = "BuildTree", "BuildTree\BuildTree.csproj", "{CE8C39C1-E8D3-4EC1-93DD-6E58134F910F}"
EndProject
Global
	GlobalSection(SolutionConfigurationPlatforms) = preSolution
		Debug|Any CPU = Debug|Any CPU
		Release|Any CPU = Release|Any CPU
	EndGlobalSection
	GlobalSection(ProjectConfigurationPlatforms) = postSolution
		{F68EBD93-9BC7-4B58-8B86-65A32E4BD064}.Debug|Any CPU.ActiveCfg = Debug|Any CPU
		{F68EBD93-9BC7-4B58-8B86-65A32E4BD064}.Debug|Any CPU.Build.0 = Debug|Any CPU
		{F68EBD93-9BC7-4B58-8B86-65A32E4BD064}.Release|Any CPU.ActiveCfg = Release|Any CPU
		{F68EBD93-9BC7-4B58-8B86-65A32E4BD064}.Release|Any CPU.Build.0 = Release|Any CPU
		{7D8C1E41-A102-47FD-BABB-5A811A284025}.Debug|Any CPU.ActiveCfg = Debug|Any CPU
		{7D8C1E41-A102-47FD-BABB-5A811A284025}.Debug|Any CPU.Build.0 = Debug|Any CPU
		{7D8C1E41-A102-47FD-BABB-5A811A284025}.Release|Any CPU.ActiveCfg = Release|Any CPU
		{7D8C1E41-A102-47FD-BABB-5A811A284025}.Release|Any CPU.Build.0 = Release|Any CPU
		{CE8C39C1-E8D3-4EC1-93DD-6E58134F910F}.Debug|Any CPU.ActiveCfg = Debug|Any CPU
		{CE8C39C1-E8D3-4EC1-93DD-6E58134F910F}.Debug|Any CPU.Build.0 = Debug|Any CPU
		{CE8C39C1-E8D3-4EC1-93DD-6E58134F910F}.Release|Any CPU.ActiveCfg = Release|Any CPU
		{CE8C39C1-E8D3-4EC1-93DD-6E58134F910F}.Release|Any CPU.Build.0 = Release|Any CPU
	EndGlobalSection
	GlobalSection(SolutionProperties) = preSolution
		HideSolutionNode = FALSE
	EndGlobalSection
EndGlobal
